
Microsoft Visual Studio Solution File, Format Version 12.00
# Visual Studio Version 16
VisualStudioVersion = 16.0.29215.179
MinimumVisualStudioVersion = 10.0.40219.1
Project("{FAE04EC0-301F-11D3-BF4B-00C04F79EFBC}") = "1.0.00_квадратне_рівняння", "1.0.00_квадратне_рівняння.csproj", "{5C768C00-077F-4E20-90D7-00E185F0F2ED}"
EndProject
Global
	GlobalSection(SolutionConfigurationPlatforms) = preSolution
		Debug|Any CPU = Debug|Any CPU
		Release|Any CPU = Release|Any CPU
	EndGlobalSection
	GlobalSection(ProjectConfigurationPlatforms) = postSolution
		{5C768C00-077F-4E20-90D7-00E185F0F2ED}.Debug|Any CPU.ActiveCfg = Debug|Any CPU
		{5C768C00-077F-4E20-90D7-00E185F0F2ED}.Debug|Any CPU.Build.0 = Debug|Any CPU
		{5C768C00-077F-4E20-90D7-00E185F0F2ED}.Release|Any CPU.ActiveCfg = Release|Any CPU
		{5C768C00-077F-4E20-90D7-00E185F0F2ED}.Release|Any CPU.Build.0 = Release|Any CPU
	EndGlobalSection
	GlobalSection(SolutionProperties) = preSolution
		HideSolutionNode = FALSE
	EndGlobalSection
	GlobalSection(ExtensibilityGlobals) = postSolution
		SolutionGuid = {52A1A2EB-B650-4BAF-85C4-5BEBA1850CCA}
	EndGlobalSection
EndGlobal
